
Microsoft Visual Studio Solution File, Format Version 12.00
Project("{2150E333-8FDC-42A3-9474-1A3956D46DE8}") = "Services", "Services", "{924B171D-84F8-4463-996A-446C72990FD3}"
EndProject
Project("{FAE04EC0-301F-11D3-BF4B-00C04F79EFBC}") = "ReadingList.Api", "ReadingList.Api\ReadingList.Api.csproj", "{3466D299-F807-4F3F-A2D5-2C251FC03F88}"
EndProject
Project("{2150E333-8FDC-42A3-9474-1A3956D46DE8}") = "Review.Api", "Review.Api", "{3D4AADAF-8296-43AA-A4E0-C9FB0D00E026}"
EndProject
Project("{FAE04EC0-301F-11D3-BF4B-00C04F79EFBC}") = "WebApi", "WebApi\WebApi.csproj", "{D8A315F7-560D-4571-881E-850B5155FCD2}"
EndProject
Project("{FAE04EC0-301F-11D3-BF4B-00C04F79EFBC}") = "Domain", "Domain\Domain.csproj", "{1039824F-235D-4BA7-AE83-B539C8354F0D}"
EndProject
Project("{FAE04EC0-301F-11D3-BF4B-00C04F79EFBC}") = "Persistence", "Persistence\Persistence.csproj", "{C1335342-EBB8-42CE-84BE-23FC9537A989}"
EndProject
Project("{FAE04EC0-301F-11D3-BF4B-00C04F79EFBC}") = "Application", "Application\Application.csproj", "{1AE2405E-E9E0-42F1-8FEF-D43241CB90F8}"
EndProject
Project("{FAE04EC0-301F-11D3-BF4B-00C04F79EFBC}") = "Book.Api", "Book.Api\Book.Api.csproj", "{0BC06391-A944-4E62-8C46-C61AC0AE1197}"
EndProject
Project("{FAE04EC0-301F-11D3-BF4B-00C04F79EFBC}") = "Gateway.WebApi", "Gateway.WebApi\Gateway.WebApi.csproj", "{EFA0CD3D-8808-4A31-BD50-9CCBCAA036B4}"
EndProject
Project("{FAE04EC0-301F-11D3-BF4B-00C04F79EFBC}") = "JWT", "JWT\JWT.csproj", "{B809816C-C462-4E24-AE26-46C5C7EE7330}"
EndProject
Project("{FAE04EC0-301F-11D3-BF4B-00C04F79EFBC}") = "Aggregator", "Aggregator\Aggregator.csproj", "{5E55B62A-233E-4BAC-929B-FDDD6EFEB490}"
EndProject
Global
	GlobalSection(SolutionConfigurationPlatforms) = preSolution
		Debug|Any CPU = Debug|Any CPU
		Release|Any CPU = Release|Any CPU
	EndGlobalSection
	GlobalSection(NestedProjects) = preSolution
		{3466D299-F807-4F3F-A2D5-2C251FC03F88} = {924B171D-84F8-4463-996A-446C72990FD3}
		{3D4AADAF-8296-43AA-A4E0-C9FB0D00E026} = {924B171D-84F8-4463-996A-446C72990FD3}
		{D8A315F7-560D-4571-881E-850B5155FCD2} = {3D4AADAF-8296-43AA-A4E0-C9FB0D00E026}
		{1039824F-235D-4BA7-AE83-B539C8354F0D} = {3D4AADAF-8296-43AA-A4E0-C9FB0D00E026}
		{C1335342-EBB8-42CE-84BE-23FC9537A989} = {3D4AADAF-8296-43AA-A4E0-C9FB0D00E026}
		{1AE2405E-E9E0-42F1-8FEF-D43241CB90F8} = {3D4AADAF-8296-43AA-A4E0-C9FB0D00E026}
		{0BC06391-A944-4E62-8C46-C61AC0AE1197} = {924B171D-84F8-4463-996A-446C72990FD3}
		{B809816C-C462-4E24-AE26-46C5C7EE7330} = {924B171D-84F8-4463-996A-446C72990FD3}
	EndGlobalSection
	GlobalSection(ProjectConfigurationPlatforms) = postSolution
		{3466D299-F807-4F3F-A2D5-2C251FC03F88}.Debug|Any CPU.ActiveCfg = Debug|Any CPU
		{3466D299-F807-4F3F-A2D5-2C251FC03F88}.Debug|Any CPU.Build.0 = Debug|Any CPU
		{3466D299-F807-4F3F-A2D5-2C251FC03F88}.Release|Any CPU.ActiveCfg = Release|Any CPU
		{3466D299-F807-4F3F-A2D5-2C251FC03F88}.Release|Any CPU.Build.0 = Release|Any CPU
		{D8A315F7-560D-4571-881E-850B5155FCD2}.Debug|Any CPU.ActiveCfg = Debug|Any CPU
		{D8A315F7-560D-4571-881E-850B5155FCD2}.Debug|Any CPU.Build.0 = Debug|Any CPU
		{D8A315F7-560D-4571-881E-850B5155FCD2}.Release|Any CPU.ActiveCfg = Release|Any CPU
		{D8A315F7-560D-4571-881E-850B5155FCD2}.Release|Any CPU.Build.0 = Release|Any CPU
		{1039824F-235D-4BA7-AE83-B539C8354F0D}.Debug|Any CPU.ActiveCfg = Debug|Any CPU
		{1039824F-235D-4BA7-AE83-B539C8354F0D}.Debug|Any CPU.Build.0 = Debug|Any CPU
		{1039824F-235D-4BA7-AE83-B539C8354F0D}.Release|Any CPU.ActiveCfg = Release|Any CPU
		{1039824F-235D-4BA7-AE83-B539C8354F0D}.Release|Any CPU.Build.0 = Release|Any CPU
		{C1335342-EBB8-42CE-84BE-23FC9537A989}.Debug|Any CPU.ActiveCfg = Debug|Any CPU
		{C1335342-EBB8-42CE-84BE-23FC9537A989}.Debug|Any CPU.Build.0 = Debug|Any CPU
		{C1335342-EBB8-42CE-84BE-23FC9537A989}.Release|Any CPU.ActiveCfg = Release|Any CPU
		{C1335342-EBB8-42CE-84BE-23FC9537A989}.Release|Any CPU.Build.0 = Release|Any CPU
		{1AE2405E-E9E0-42F1-8FEF-D43241CB90F8}.Debug|Any CPU.ActiveCfg = Debug|Any CPU
		{1AE2405E-E9E0-42F1-8FEF-D43241CB90F8}.Debug|Any CPU.Build.0 = Debug|Any CPU
		{1AE2405E-E9E0-42F1-8FEF-D43241CB90F8}.Release|Any CPU.ActiveCfg = Release|Any CPU
		{1AE2405E-E9E0-42F1-8FEF-D43241CB90F8}.Release|Any CPU.Build.0 = Release|Any CPU
		{0BC06391-A944-4E62-8C46-C61AC0AE1197}.Debug|Any CPU.ActiveCfg = Debug|Any CPU
		{0BC06391-A944-4E62-8C46-C61AC0AE1197}.Debug|Any CPU.Build.0 = Debug|Any CPU
		{0BC06391-A944-4E62-8C46-C61AC0AE1197}.Release|Any CPU.ActiveCfg = Release|Any CPU
		{0BC06391-A944-4E62-8C46-C61AC0AE1197}.Release|Any CPU.Build.0 = Release|Any CPU
		{EFA0CD3D-8808-4A31-BD50-9CCBCAA036B4}.Debug|Any CPU.ActiveCfg = Debug|Any CPU
		{EFA0CD3D-8808-4A31-BD50-9CCBCAA036B4}.Debug|Any CPU.Build.0 = Debug|Any CPU
		{EFA0CD3D-8808-4A31-BD50-9CCBCAA036B4}.Release|Any CPU.ActiveCfg = Release|Any CPU
		{EFA0CD3D-8808-4A31-BD50-9CCBCAA036B4}.Release|Any CPU.Build.0 = Release|Any CPU
		{B809816C-C462-4E24-AE26-46C5C7EE7330}.Debug|Any CPU.ActiveCfg = Debug|Any CPU
		{B809816C-C462-4E24-AE26-46C5C7EE7330}.Debug|Any CPU.Build.0 = Debug|Any CPU
		{B809816C-C462-4E24-AE26-46C5C7EE7330}.Release|Any CPU.ActiveCfg = Release|Any CPU
		{B809816C-C462-4E24-AE26-46C5C7EE7330}.Release|Any CPU.Build.0 = Release|Any CPU
		{5E55B62A-233E-4BAC-929B-FDDD6EFEB490}.Debug|Any CPU.ActiveCfg = Debug|Any CPU
		{5E55B62A-233E-4BAC-929B-FDDD6EFEB490}.Debug|Any CPU.Build.0 = Debug|Any CPU
		{5E55B62A-233E-4BAC-929B-FDDD6EFEB490}.Release|Any CPU.ActiveCfg = Release|Any CPU
		{5E55B62A-233E-4BAC-929B-FDDD6EFEB490}.Release|Any CPU.Build.0 = Release|Any CPU
	EndGlobalSection
EndGlobal
